
Microsoft Visual Studio Solution File, Format Version 12.00
# Visual Studio Version 16
VisualStudioVersion = 16.0.30413.136
MinimumVisualStudioVersion = 10.0.40219.1
Project("{9A19103F-16F7-4668-BE54-9A1E7A4F7556}") = "FGFile", "FGFile\FGFile.csproj", "{C24C754A-939A-4EAE-B5FC-8FF30D213ECB}"
EndProject
Project("{9A19103F-16F7-4668-BE54-9A1E7A4F7556}") = "UnitTestProject1", "UnitTestProject1\UnitTestProject1.csproj", "{6C0AA609-5ACF-43FC-B9F4-F77EBF5CB2CD}"
EndProject
Project("{FAE04EC0-301F-11D3-BF4B-00C04F79EFBC}") = "CodedUITestProject2", "CodedUITestProject2\CodedUITestProject2.csproj", "{BB9AA08A-F3F6-48E1-B504-4158DBEEDA68}"
EndProject
Global
	GlobalSection(SolutionConfigurationPlatforms) = preSolution
		Debug|Any CPU = Debug|Any CPU
		Release|Any CPU = Release|Any CPU
	EndGlobalSection
	GlobalSection(ProjectConfigurationPlatforms) = postSolution
		{C24C754A-939A-4EAE-B5FC-8FF30D213ECB}.Debug|Any CPU.ActiveCfg = Debug|Any CPU
		{C24C754A-939A-4EAE-B5FC-8FF30D213ECB}.Debug|Any CPU.Build.0 = Debug|Any CPU
		{C24C754A-939A-4EAE-B5FC-8FF30D213ECB}.Release|Any CPU.ActiveCfg = Release|Any CPU
		{C24C754A-939A-4EAE-B5FC-8FF30D213ECB}.Release|Any CPU.Build.0 = Release|Any CPU
		{6C0AA609-5ACF-43FC-B9F4-F77EBF5CB2CD}.Debug|Any CPU.ActiveCfg = Debug|Any CPU
		{6C0AA609-5ACF-43FC-B9F4-F77EBF5CB2CD}.Debug|Any CPU.Build.0 = Debug|Any CPU
		{6C0AA609-5ACF-43FC-B9F4-F77EBF5CB2CD}.Release|Any CPU.ActiveCfg = Release|Any CPU
		{6C0AA609-5ACF-43FC-B9F4-F77EBF5CB2CD}.Release|Any CPU.Build.0 = Release|Any CPU
		{BB9AA08A-F3F6-48E1-B504-4158DBEEDA68}.Debug|Any CPU.ActiveCfg = Debug|Any CPU
		{BB9AA08A-F3F6-48E1-B504-4158DBEEDA68}.Debug|Any CPU.Build.0 = Debug|Any CPU
		{BB9AA08A-F3F6-48E1-B504-4158DBEEDA68}.Release|Any CPU.ActiveCfg = Release|Any CPU
		{BB9AA08A-F3F6-48E1-B504-4158DBEEDA68}.Release|Any CPU.Build.0 = Release|Any CPU
	EndGlobalSection
	GlobalSection(SolutionProperties) = preSolution
		HideSolutionNode = FALSE
	EndGlobalSection
	GlobalSection(ExtensibilityGlobals) = postSolution
		SolutionGuid = {8A8D28F2-7FAF-4146-B5B8-101649B696A7}
	EndGlobalSection
EndGlobal
